// !$*UTF8*$!
{
	archiveVersion = 1;
	classes = {
	};
	objectVersion = 46;
	objects = {

/* Begin PBXBuildFile section */
		DCB5B3FA1E5DD0E000E76952 /* AppDelegate.swift in Sources */ = {isa = PBXBuildFile; fileRef = DCB5B3F91E5DD0E000E76952 /* AppDelegate.swift */; };
		DCB5B3FC1E5DD0E000E76952 /* ViewController.swift in Sources */ = {isa = PBXBuildFile; fileRef = DCB5B3FB1E5DD0E000E76952 /* ViewController.swift */; };
		DCB5B3FF1E5DD0E000E76952 /* Main.storyboard in Resources */ = {isa = PBXBuildFile; fileRef = DCB5B3FD1E5DD0E000E76952 /* Main.storyboard */; };
		DCB5B4011E5DD0E000E76952 /* Assets.xcassets in Resources */ = {isa = PBXBuildFile; fileRef = DCB5B4001E5DD0E000E76952 /* Assets.xcassets */; };
		DCB5B4041E5DD0E000E76952 /* LaunchScreen.storyboard in Resources */ = {isa = PBXBuildFile; fileRef = DCB5B4021E5DD0E000E76952 /* LaunchScreen.storyboard */; };
		DCB5B40C1E5E0A7200E76952 /* Swedish.strings in Resources */ = {isa = PBXBuildFile; fileRef = DCB5B40B1E5E0A7200E76952 /* Swedish.strings */; };
/* End PBXBuildFile section */

/* Begin PBXFileReference section */
		DCB5B3F61E5DD0E000E76952 /* StackViewDemo.app */ = {isa = PBXFileReference; explicitFileType = wrapper.application; includeInIndex = 0; path = StackViewDemo.app; sourceTree = BUILT_PRODUCTS_DIR; };
		DCB5B3F91E5DD0E000E76952 /* AppDelegate.swift */ = {isa = PBXFileReference; lastKnownFileType = sourcecode.swift; path = AppDelegate.swift; sourceTree = "<group>"; };
		DCB5B3FB1E5DD0E000E76952 /* ViewController.swift */ = {isa = PBXFileReference; lastKnownFileType = sourcecode.swift; path = ViewController.swift; sourceTree = "<group>"; };
		DCB5B3FE1E5DD0E000E76952 /* Base */ = {isa = PBXFileReference; lastKnownFileType = file.storyboard; name = Base; path = Base.lproj/Main.storyboard; sourceTree = "<group>"; };
		DCB5B4001E5DD0E000E76952 /* Assets.xcassets */ = {isa = PBXFileReference; lastKnownFileType = folder.assetcatalog; path = Assets.xcassets; sourceTree = "<group>"; };
		DCB5B4031E5DD0E000E76952 /* Base */ = {isa = PBXFileReference; lastKnownFileType = file.storyboard; name = Base; path = Base.lproj/LaunchScreen.storyboard; sourceTree = "<group>"; };
		DCB5B4051E5DD0E000E76952 /* Info.plist */ = {isa = PBXFileReference; lastKnownFileType = text.plist.xml; path = Info.plist; sourceTree = "<group>"; };
		DCB5B40B1E5E0A7200E76952 /* Swedish.strings */ = {isa = PBXFileReference; fileEncoding = 4; lastKnownFileType = text.plist.strings; path = Swedish.strings; sourceTree = "<group>"; };
		DCB5B40E1E5E0B1400E76952 /* sv */ = {isa = PBXFileReference; lastKnownFileType = text.plist.strings; name = sv; path = sv.lproj/Main.strings; sourceTree = "<group>"; };
		DCB5B40F1E5E0B1400E76952 /* sv */ = {isa = PBXFileReference; lastKnownFileType = text.plist.strings; name = sv; path = sv.lproj/LaunchScreen.strings; sourceTree = "<group>"; };
/* End PBXFileReference section */

/* Begin PBXFrameworksBuildPhase section */
		DCB5B3F31E5DD0E000E76952 /* Frameworks */ = {
			isa = PBXFrameworksBuildPhase;
			buildActionMask = 2147483647;
			files = (
			);
			runOnlyForDeploymentPostprocessing = 0;
		};
/* End PBXFrameworksBuildPhase section */

/* Begin PBXGroup section */
		DCB5B3ED1E5DD0E000E76952 = {
			isa = PBXGroup;
			children = (
				DCB5B3F81E5DD0E000E76952 /* StackViewDemo */,
				DCB5B3F71E5DD0E000E76952 /* Products */,
			);
			sourceTree = "<group>";
		};
		DCB5B3F71E5DD0E000E76952 /* Products */ = {
			isa = PBXGroup;
			children = (
				DCB5B3F61E5DD0E000E76952 /* StackViewDemo.app */,
			);
			name = Products;
			sourceTree = "<group>";
		};
		DCB5B3F81E5DD0E000E76952 /* StackViewDemo */ = {
			isa = PBXGroup;
			children = (
				DCB5B40B1E5E0A7200E76952 /* Swedish.strings */,
				DCB5B3F91E5DD0E000E76952 /* AppDelegate.swift */,
				DCB5B3FB1E5DD0E000E76952 /* ViewController.swift */,
				DCB5B3FD1E5DD0E000E76952 /* Main.storyboard */,
				DCB5B4001E5DD0E000E76952 /* Assets.xcassets */,
				DCB5B4021E5DD0E000E76952 /* LaunchScreen.storyboard */,
				DCB5B4051E5DD0E000E76952 /* Info.plist */,
			);
			path = StackViewDemo;
			sourceTree = "<group>";
		};
/* End PBXGroup section */

/* Begin PBXNativeTarget section */
		DCB5B3F51E5DD0E000E76952 /* StackViewDemo */ = {
			isa = PBXNativeTarget;
			buildConfigurationList = DCB5B4081E5DD0E000E76952 /* Build configuration list for PBXNativeTarget "StackViewDemo" */;
			buildPhases = (
				DCB5B3F21E5DD0E000E76952 /* Sources */,
				DCB5B3F31E5DD0E000E76952 /* Frameworks */,
				DCB5B3F41E5DD0E000E76952 /* Resources */,
			);
			buildRules = (
			);
			dependencies = (
			);
			name = StackViewDemo;
			productName = StackViewDemo;
			productReference = DCB5B3F61E5DD0E000E76952 /* StackViewDemo.app */;
			productType = "com.apple.product-type.application";
		};
/* End PBXNativeTarget section */

/* Begin PBXProject section */
		DCB5B3EE1E5DD0E000E76952 /* Project object */ = {
			isa = PBXProject;
			attributes = {
				LastSwiftUpdateCheck = 0830;
				LastUpgradeCheck = 0830;
				ORGANIZATIONNAME = Wahlix;
				TargetAttributes = {
					DCB5B3F51E5DD0E000E76952 = {
						CreatedOnToolsVersion = 8.3;
						DevelopmentTeam = WJN9X36K24;
						ProvisioningStyle = Automatic;
					};
				};
			};
			buildConfigurationList = DCB5B3F11E5DD0E000E76952 /* Build configuration list for PBXProject "StackViewDemo" */;
			compatibilityVersion = "Xcode 3.2";
			developmentRegion = English;
			hasScannedForEncodings = 0;
			knownRegions = (
				en,
				Base,
			);
			mainGroup = DCB5B3ED1E5DD0E000E76952;
			productRefGroup = DCB5B3F71E5DD0E000E76952 /* Products */;
			projectDirPath = "";
			projectRoot = "";
			targets = (
				DCB5B3F51E5DD0E000E76952 /* StackViewDemo */,
			);
		};
/* End PBXProject section */

/* Begin PBXResourcesBuildPhase section */
		DCB5B3F41E5DD0E000E76952 /* Resources */ = {
			isa = PBXResourcesBuildPhase;
			buildActionMask = 2147483647;
			files = (
				DCB5B4041E5DD0E000E76952 /* LaunchScreen.storyboard in Resources */,
				DCB5B4011E5DD0E000E76952 /* Assets.xcassets in Resources */,
				DCB5B40C1E5E0A7200E76952 /* Swedish.strings in Resources */,
				DCB5B3FF1E5DD0E000E76952 /* Main.storyboard in Resources */,
			);
			runOnlyForDeploymentPostprocessing = 0;
		};
/* End PBXResourcesBuildPhase section */

/* Begin PBXSourcesBuildPhase section */
		DCB5B3F21E5DD0E000E76952 /* Sources */ = {
			isa = PBXSourcesBuildPhase;
			buildActionMask = 2147483647;
			files = (
				DCB5B3FC1E5DD0E000E76952 /* ViewController.swift in Sources */,
				DCB5B3FA1E5DD0E000E76952 /* AppDelegate.swift in Sources */,
			);
			runOnlyForDeploymentPostprocessing = 0;
		};
/* End PBXSourcesBuildPhase section */

/* Begin PBXVariantGroup section */
		DCB5B3FD1E5DD0E000E76952 /* Main.storyboard */ = {
			isa = PBXVariantGroup;
			children = (
				DCB5B3FE1E5DD0E000E76952 /* Base */,
				DCB5B40E1E5E0B1400E76952 /* sv */,
			);
			name = Main.storyboard;
			sourceTree = "<group>";
		};
		DCB5B4021E5DD0E000E76952 /* LaunchScreen.storyboard */ = {
			isa = PBXVariantGroup;
			children = (
				DCB5B4031E5DD0E000E76952 /* Base */,
				DCB5B40F1E5E0B1400E76952 /* sv */,
			);
			name = LaunchScreen.storyboard;
			sourceTree = "<group>";
		};
/* End PBXVariantGroup section */

/* Begin XCBuildConfiguration section */
		DCB5B4061E5DD0E000E76952 /* Debug */ = {
			isa = XCBuildConfiguration;
			buildSettings = {
				ALWAYS_SEARCH_USER_PATHS = NO;
				CLANG_ANALYZER_LOCALIZABILITY_NONLOCALIZED = YES;
				CLANG_ANALYZER_NONNULL = YES;
				CLANG_ANALYZER_NUMBER_OBJECT_CONVERSION = YES_AGGRESSIVE;
				CLANG_CXX_LANGUAGE_STANDARD = "gnu++0x";
				CLANG_CXX_LIBRARY = "libc++";
				CLANG_ENABLE_MODULES = YES;
				CLANG_ENABLE_OBJC_ARC = YES;
				CLANG_WARN_BOOL_CONVERSION = YES;
				CLANG_WARN_CONSTANT_CONVERSION = YES;
				CLANG_WARN_DIRECT_OBJC_ISA_USAGE = YES_ERROR;
				CLANG_WARN_DOCUMENTATION_COMMENTS = YES;
				CLANG_WARN_EMPTY_BODY = YES;
				CLANG_WARN_ENUM_CONVERSION = YES;
				CLANG_WARN_INFINITE_RECURSION = YES;
				CLANG_WARN_INT_CONVERSION = YES;
				CLANG_WARN_OBJC_ROOT_CLASS = YES_ERROR;
				CLANG_WARN_SUSPICIOUS_MOVE = YES;
				CLANG_WARN_UNREACHABLE_CODE = YES;
				CLANG_WARN__DUPLICATE_METHOD_MATCH = YES;
				"CODE_SIGN_IDENTITY[sdk=iphoneos*]" = "iPhone Developer";
				COPY_PHASE_STRIP = NO;
				DEBUG_INFORMATION_FORMAT = dwarf;
				ENABLE_STRICT_OBJC_MSGSEND = YES;
				ENABLE_TESTABILITY = YES;
				GCC_C_LANGUAGE_STANDARD = gnu99;
				GCC_DYNAMIC_NO_PIC = NO;
				GCC_NO_COMMON_BLOCKS = YES;
				GCC_OPTIMIZATION_LEVEL = 0;
				GCC_PREPROCESSOR_DEFINITIONS = (
					"DEBUG=1",
					"$(inherited)",
				);
				GCC_WARN_64_TO_32_BIT_CONVERSION = YES;
				GCC_WARN_ABOUT_RETURN_TYPE = YES_ERROR;
				GCC_WARN_UNDECLARED_SELECTOR = YES;
				GCC_WARN_UNINITIALIZED_AUTOS = YES_AGGRESSIVE;
				GCC_WARN_UNUSED_FUNCTION = YES;
				GCC_WARN_UNUSED_VARIABLE = YES;
				IPHONEOS_DEPLOYMENT_TARGET = 10.3;
				MTL_ENABLE_DEBUG_INFO = YES;
				ONLY_ACTIVE_ARCH = YES;
				SDKROOT = iphoneos;
				SWIFT_ACTIVE_COMPILATION_CONDITIONS = DEBUG;
				SWIFT_OPTIMIZATION_LEVEL = "-Onone";
				TARGETED_DEVICE_FAMILY = "1,2";
			};
			name = Debug;
		};
		DCB5B4071E5DD0E000E76952 /* Release */ = {
			isa = XCBuildConfiguration;
			buildSettings = {
				ALWAYS_SEARCH_USER_PATHS = NO;
				CLANG_ANALYZER_LOCALIZABILITY_NONLOCALIZED = YES;
				CLANG_ANALYZER_NONNULL = YES;
				CLANG_ANALYZER_NUMBER_OBJECT_CONVERSION = YES_AGGRESSIVE;
				CLANG_CXX_LANGUAGE_STANDARD = "gnu++0x";
				CLANG_CXX_LIBRARY = "libc++";
				CLANG_ENABLE_MODULES = YES;
				CLANG_ENABLE_OBJC_ARC = YES;
				CLANG_WARN_BOOL_CONVERSION = YES;
				CLANG_WARN_CONSTANT_CONVERSION = YES;
				CLANG_WARN_DIRECT_OBJC_ISA_USAGE = YES_ERROR;
				CLANG_WARN_DOCUMENTATION_COMMENTS = YES;
				CLANG_WARN_EMPTY_BODY = YES;
				CLANG_WARN_ENUM_CONVERSION = YES;
				CLANG_WARN_INFINITE_RECURSION = YES;
				CLANG_WARN_INT_CONVERSION = YES;
				CLANG_WARN_OBJC_ROOT_CLASS = YES_ERROR;
				CLANG_WARN_SUSPICIOUS_MOVE = YES;
				CLANG_WARN_UNREACHABLE_CODE = YES;
				CLANG_WARN__DUPLICATE_METHOD_MATCH = YES;
				"CODE_SIGN_IDENTITY[sdk=iphoneos*]" = "iPhone Developer";
				COPY_PHASE_STRIP = NO;
				DEBUG_INFORMATION_FORMAT = "dwarf-with-dsym";
				ENABLE_NS_ASSERTIONS = NO;
				ENABLE_STRICT_OBJC_MSGSEND = YES;
				GCC_C_LANGUAGE_STANDARD = gnu99;
				GCC_NO_COMMON_BLOCKS = YES;
				GCC_WARN_64_TO_32_BIT_CONVERSION = YES;
				GCC_WARN_ABOUT_RETURN_TYPE = YES_ERROR;
				GCC_WARN_UNDECLARED_SELECTOR = YES;
				GCC_WARN_UNINITIALIZED_AUTOS = YES_AGGRESSIVE;
				GCC_WARN_UNUSED_FUNCTION = YES;
				GCC_WARN_UNUSED_VARIABLE = YES;
				IPHONEOS_DEPLOYMENT_TARGET = 10.3;
				MTL_ENABLE_DEBUG_INFO = NO;
				SDKROOT = iphoneos;
				SWIFT_OPTIMIZATION_LEVEL = "-Owholemodule";
				TARGETED_DEVICE_FAMILY = "1,2";
				VALIDATE_PRODUCT = YES;
			};
			name = Release;
		};
		DCB5B4091E5DD0E000E76952 /* Debug */ = {
			isa = XCBuildConfiguration;
			buildSettings = {
				ASSETCATALOG_COMPILER_APPICON_NAME = AppIcon;
				DEVELOPMENT_TEAM = WJN9X36K24;
				INFOPLIST_FILE = StackViewDemo/Info.plist;
				LD_RUNPATH_SEARCH_PATHS = "$(inherited) @executable_path/Frameworks";
				PRODUCT_BUNDLE_IDENTIFIER = nu.wahlix.StackViewDemo;
				PRODUCT_NAME = "$(TARGET_NAME)";
				SWIFT_VERSION = 3.0;
			};
			name = Debug;
		};
		DCB5B40A1E5DD0E000E76952 /* Release */ = {
			isa = XCBuildConfiguration;
			buildSettings = {
				ASSETCATALOG_COMPILER_APPICON_NAME = AppIcon;
				DEVELOPMENT_TEAM = WJN9X36K24;
				INFOPLIST_FILE = StackViewDemo/Info.plist;
				LD_RUNPATH_SEARCH_PATHS = "$(inherited) @executable_path/Frameworks";
				PRODUCT_BUNDLE_IDENTIFIER = nu.wahlix.StackViewDemo;
				PRODUCT_NAME = "$(TARGET_NAME)";
				SWIFT_VERSION = 3.0;
			};
			name = Release;
		};
/* End XCBuildConfiguration section */

/* Begin XCConfigurationList section */
		DCB5B3F11E5DD0E000E76952 /* Build configuration list for PBXProject "StackViewDemo" */ = {
			isa = XCConfigurationList;
			buildConfigurations = (
				DCB5B4061E5DD0E000E76952 /* Debug */,
				DCB5B4071E5DD0E000E76952 /* Release */,
			);
			defaultConfigurationIsVisible = 0;
			defaultConfigurationName = Release;
		};
		DCB5B4081E5DD0E000E76952 /* Build configuration list for PBXNativeTarget "StackViewDemo" */ = {
			isa = XCConfigurationList;
			buildConfigurations = (
				DCB5B4091E5DD0E000E76952 /* Debug */,
				DCB5B40A1E5DD0E000E76952 /* Release */,
			);
			defaultConfigurationIsVisible = 0;
		};
/* End XCConfigurationList section */
	};
	rootObject = DCB5B3EE1E5DD0E000E76952 /* Project object */;
}
